schema: '2.0'
stages:
  load_data:
    cmd: python ml_pipeline/data_loader.py
    deps:
    - path: data/tmdb_5000_credits.csv
      hash: md5
      md5: 6c5e0e12bfbc527697d7977d86b97ed4
      size: 40044293
    - path: data/tmdb_5000_movies.csv
      hash: md5
      md5: 64346a71897b5741d553d34b86088603
      size: 5698602
    - path: ml_pipeline/data_loader.py
      hash: md5
      md5: a1c886228cb1bc37a940ca907515d20c
      size: 8863
    outs:
    - path: logs/data_validation_report.json
      hash: md5
      md5: 0b0bc93a5d98aba067adb95bf7950254
      size: 2852
  preprocess:
    cmd: "python -c \"import sys; sys.path.insert(0, 'ml_pipeline'); from data_loader
      import load_data; from preprocess import preprocess; df = load_data(); preprocess(df,
      save_features=True)\"\n"
    deps:
    - path: data/tmdb_5000_credits.csv
      hash: md5
      md5: 6c5e0e12bfbc527697d7977d86b97ed4
      size: 40044293
    - path: data/tmdb_5000_movies.csv
      hash: md5
      md5: 64346a71897b5741d553d34b86088603
      size: 5698602
    - path: ml_pipeline/data_loader.py
      hash: md5
      md5: a1c886228cb1bc37a940ca907515d20c
      size: 8863
    - path: ml_pipeline/preprocess.py
      hash: md5
      md5: 495be62d9ab9b98d63e403bbc8c0127b
      size: 10031
    outs:
    - path: ml_pipeline/feature_store
      hash: md5
      md5: 7607e08c0c83b2c68cb8e0ab26b5efb3.dir
      size: 68725431
      nfiles: 70
  train:
    cmd: "python -c \"import sys; sys.path.insert(0, 'ml_pipeline'); from train import
      train; train()\"\n"
    deps:
    - path: ml_pipeline/feature_store
      hash: md5
      md5: 7607e08c0c83b2c68cb8e0ab26b5efb3.dir
      size: 68725431
      nfiles: 70
    - path: ml_pipeline/train.py
      hash: md5
      md5: 60e6886f29214ff86022e53b8994b204
      size: 18775
    outs:
    - path: ml_pipeline/model/baseline_statistics.json
      hash: md5
      md5: d18f88d91343f98d16a4a6f8e3572238
      size: 1050
    - path: ml_pipeline/model/feature_impact.json
      hash: md5
      md5: f70e4eccfd0e93745db4335643476301
      size: 631
    - path: ml_pipeline/model/model_version.json
      hash: md5
      md5: ec0dfa218388f521e3fad2943a8988ad
      size: 947
    - path: ml_pipeline/model/movies.pkl
      hash: md5
      md5: d7e8f4783251cbfe3eac95f46ce8463d
      size: 5644983
    - path: ml_pipeline/model/similarity.pkl
      hash: md5
      md5: 8e9104d4e7f40e3c059f0bdb33bb601a
      size: 184781251
    - path: ml_pipeline/model/similarity_sparse.pkl
      hash: md5
      md5: e64ef4b3c3c665d9633e44713c2d025d
      size: 1173090
    - path: ml_pipeline/model/vectorizer.pkl
      hash: md5
      md5: 11fa12acfa131bbed95d662c1d98b45a
      size: 4426155
  evaluate:
    cmd: "python -c \"import json; f=open('ml_pipeline/model/model_version.json');
      v=json.load(f); print('Genre match rate:', v.get('avg_genre_match_rate')); print('Most
      important feature:', v.get('most_important_feature')); print('Memory reduction:',
      v.get('memory_reduction_pct'), '%')\"\n"
    deps:
    - path: ml_pipeline/model/model_version.json
      hash: md5
      md5: ec0dfa218388f521e3fad2943a8988ad
      size: 947
